
Microsoft Visual Studio Solution File, Format Version 12.00
# Visual Studio Version 17
VisualStudioVersion = 17.0.32112.339
MinimumVisualStudioVersion = 10.0.40219.1
Project("{FAE04EC0-301F-11D3-BF4B-00C04F79EFBC}") = "Rideau", "Rideau\Rideau.csproj", "{BAF27EF0-7BDA-4651-9643-2052749E602C}"
EndProject
Global
	GlobalSection(SolutionConfigurationPlatforms) = preSolution
		Debug|Any CPU = Debug|Any CPU
		Release|Any CPU = Release|Any CPU
	EndGlobalSection
	GlobalSection(ProjectConfigurationPlatforms) = postSolution
		{BAF27EF0-7BDA-4651-9643-2052749E602C}.Debug|Any CPU.ActiveCfg = Debug|Any CPU
		{BAF27EF0-7BDA-4651-9643-2052749E602C}.Debug|Any CPU.Build.0 = Debug|Any CPU
		{BAF27EF0-7BDA-4651-9643-2052749E602C}.Release|Any CPU.ActiveCfg = Release|Any CPU
		{BAF27EF0-7BDA-4651-9643-2052749E602C}.Release|Any CPU.Build.0 = Release|Any CPU
	EndGlobalSection
	GlobalSection(SolutionProperties) = preSolution
		HideSolutionNode = FALSE
	EndGlobalSection
	GlobalSection(ExtensibilityGlobals) = postSolution
		SolutionGuid = {D30EB34F-F73B-44A8-B20B-BC4F5539CD4D}
	EndGlobalSection
EndGlobal
